
Microsoft Visual Studio Solution File, Format Version 12.00
# Visual Studio 15
VisualStudioVersion = 15.0.26403.7
MinimumVisualStudioVersion = 10.0.40219.1
Project("{FAE04EC0-301F-11D3-BF4B-00C04F79EFBC}") = "RestDemo.Api", "RestDemo.Api\RestDemo.Api.csproj", "{A61A40CF-7BB3-43C1-AD0C-DB63E1CB77BD}"
EndProject
Project("{FAE04EC0-301F-11D3-BF4B-00C04F79EFBC}") = "RestDemo.Lib", "RestDemo.Lib\RestDemo.Lib.csproj", "{BC6C90CA-0535-4212-8E9D-AB5DEC927F5E}"
EndProject
Global
	GlobalSection(SolutionConfigurationPlatforms) = preSolution
		Debug|Any CPU = Debug|Any CPU
		Release|Any CPU = Release|Any CPU
	EndGlobalSection
	GlobalSection(ProjectConfigurationPlatforms) = postSolution
		{A61A40CF-7BB3-43C1-AD0C-DB63E1CB77BD}.Debug|Any CPU.ActiveCfg = Debug|Any CPU
		{A61A40CF-7BB3-43C1-AD0C-DB63E1CB77BD}.Debug|Any CPU.Build.0 = Debug|Any CPU
		{A61A40CF-7BB3-43C1-AD0C-DB63E1CB77BD}.Release|Any CPU.ActiveCfg = Release|Any CPU
		{A61A40CF-7BB3-43C1-AD0C-DB63E1CB77BD}.Release|Any CPU.Build.0 = Release|Any CPU
		{BC6C90CA-0535-4212-8E9D-AB5DEC927F5E}.Debug|Any CPU.ActiveCfg = Debug|Any CPU
		{BC6C90CA-0535-4212-8E9D-AB5DEC927F5E}.Debug|Any CPU.Build.0 = Debug|Any CPU
		{BC6C90CA-0535-4212-8E9D-AB5DEC927F5E}.Release|Any CPU.ActiveCfg = Release|Any CPU
		{BC6C90CA-0535-4212-8E9D-AB5DEC927F5E}.Release|Any CPU.Build.0 = Release|Any CPU
	EndGlobalSection
	GlobalSection(SolutionProperties) = preSolution
		HideSolutionNode = FALSE
	EndGlobalSection
EndGlobal
